{
  "name": "ionic-native",
  "version": "4.20.0",
  "lockfileVersion": 1,
  "requires": true,
  "dependencies": {
    "@ionic-native/core": {
      "version": "5.26.0",
      "resolved": "https://registry.npmjs.org/@ionic-native/core/-/core-5.26.0.tgz",
      "integrity": "sha512-o+JtcoHD32aRxowL+1xEnEwH18ma45KyNtdCxgTCSCH5RgxVQrWWIyhKeOamUtXlIpfOV559VOmegr2Y9e5KYQ==",
      "requires": {
        "@types/cordova": "^0.0.34"
      }
    },
    "@types/cordova": {
      "version": "0.0.34",
      "resolved": "https://registry.npmjs.org/@types/cordova/-/cordova-0.0.34.tgz",
      "integrity": "sha1-6nrd907Ow9dimCegw54smt3HPQQ="
    }
  }
}
